
Microsoft Visual Studio Solution File, Format Version 12.00
# Visual Studio 15
VisualStudioVersion = 15.0.28307.489
MinimumVisualStudioVersion = 10.0.40219.1
Project("{FAE04EC0-301F-11D3-BF4B-00C04F79EFBC}") = "Tetris", "Tetris.csproj", "{CBEC282D-E957-48C7-A715-92FA76EE3C3C}"
EndProject
Global
	GlobalSection(SolutionConfigurationPlatforms) = preSolution
		Debug|Any CPU = Debug|Any CPU
		Release|Any CPU = Release|Any CPU
	EndGlobalSection
	GlobalSection(ProjectConfigurationPlatforms) = postSolution
		{CBEC282D-E957-48C7-A715-92FA76EE3C3C}.Debug|Any CPU.ActiveCfg = Debug|Any CPU
		{CBEC282D-E957-48C7-A715-92FA76EE3C3C}.Debug|Any CPU.Build.0 = Debug|Any CPU
		{CBEC282D-E957-48C7-A715-92FA76EE3C3C}.Release|Any CPU.ActiveCfg = Release|Any CPU
		{CBEC282D-E957-48C7-A715-92FA76EE3C3C}.Release|Any CPU.Build.0 = Release|Any CPU
	EndGlobalSection
	GlobalSection(SolutionProperties) = preSolution
		HideSolutionNode = FALSE
	EndGlobalSection
	GlobalSection(ExtensibilityGlobals) = postSolution
		SolutionGuid = {9B979E04-DFB6-4757-9BA1-9D9DC345643E}
	EndGlobalSection
EndGlobal
